// !$*UTF8*$!
{
	archiveVersion = 1;
	classes = {
	};
	objectVersion = 46;
	objects = {

/* Begin PBXBuildFile section */
		0E0FF5CA1C087FC8002F7623 /* DissmissKeyBoardWindow.m in Sources */ = {isa = PBXBuildFile; fileRef = 0E0FF5C91C087FC8002F7623 /* DissmissKeyBoardWindow.m */; };
		0E0FF65C1C08D068002F7623 /* Note.m in Sources */ = {isa = PBXBuildFile; fileRef = 0E0FF6591C08D068002F7623 /* Note.m */; };
		0E132D471BD94FA2006C99EC /* main.m in Sources */ = {isa = PBXBuildFile; fileRef = 0E132D461BD94FA2006C99EC /* main.m */; };
		0E132D4A1BD94FA2006C99EC /* AppDelegate.m in Sources */ = {isa = PBXBuildFile; fileRef = 0E132D491BD94FA2006C99EC /* AppDelegate.m */; };
		0E132D4D1BD94FA2006C99EC /* TinyDo.xcdatamodeld in Sources */ = {isa = PBXBuildFile; fileRef = 0E132D4B1BD94FA2006C99EC /* TinyDo.xcdatamodeld */; };
		0E132D551BD94FA2006C99EC /* Images.xcassets in Resources */ = {isa = PBXBuildFile; fileRef = 0E132D541BD94FA2006C99EC /* Images.xcassets */; };
		0E132D581BD94FA2006C99EC /* LaunchScreen.xib in Resources */ = {isa = PBXBuildFile; fileRef = 0E132D561BD94FA2006C99EC /* LaunchScreen.xib */; };
		0E132D641BD94FA2006C99EC /* TinyDoTests.m in Sources */ = {isa = PBXBuildFile; fileRef = 0E132D631BD94FA2006C99EC /* TinyDoTests.m */; };
		0E132D731BD955A7006C99EC /* ToDoListViewController.m in Sources */ = {isa = PBXBuildFile; fileRef = 0E132D721BD955A7006C99EC /* ToDoListViewController.m */; };
		0E132D761BD955B7006C99EC /* AboutViewController.m in Sources */ = {isa = PBXBuildFile; fileRef = 0E132D751BD955B7006C99EC /* AboutViewController.m */; };
		0E2942B51C14530D00F268E2 /* Chameleon_.m in Sources */ = {isa = PBXBuildFile; fileRef = 0E29429C1C14530D00F268E2 /* Chameleon_.m */; };
		0E2942B61C14530D00F268E2 /* ChameleonConstants.m in Sources */ = {isa = PBXBuildFile; fileRef = 0E29429E1C14530D00F268E2 /* ChameleonConstants.m */; };
		0E2942B71C14530D00F268E2 /* NSArray+Chameleon.m in Sources */ = {isa = PBXBuildFile; fileRef = 0E2942A21C14530D00F268E2 /* NSArray+Chameleon.m */; };
		0E2942B81C14530D00F268E2 /* UIAppearance+Swift.m in Sources */ = {isa = PBXBuildFile; fileRef = 0E2942A41C14530D00F268E2 /* UIAppearance+Swift.m */; };
		0E2942B91C14530D00F268E2 /* UIButton+Chameleon.m in Sources */ = {isa = PBXBuildFile; fileRef = 0E2942A61C14530D00F268E2 /* UIButton+Chameleon.m */; };
		0E2942BA1C14530D00F268E2 /* UIColor+Chameleon.m in Sources */ = {isa = PBXBuildFile; fileRef = 0E2942A81C14530D00F268E2 /* UIColor+Chameleon.m */; };
		0E2942BB1C14530D00F268E2 /* UIColor+ChameleonPrivate.m in Sources */ = {isa = PBXBuildFile; fileRef = 0E2942AA1C14530D00F268E2 /* UIColor+ChameleonPrivate.m */; };
		0E2942BC1C14530D00F268E2 /* UIImage+ChameleonPrivate.m in Sources */ = {isa = PBXBuildFile; fileRef = 0E2942AC1C14530D00F268E2 /* UIImage+ChameleonPrivate.m */; };
		0E2942BD1C14530D00F268E2 /* UILabel+Chameleon.m in Sources */ = {isa = PBXBuildFile; fileRef = 0E2942AE1C14530D00F268E2 /* UILabel+Chameleon.m */; };
		0E2942BE1C14530D00F268E2 /* UINavigationController+Chameleon.m in Sources */ = {isa = PBXBuildFile; fileRef = 0E2942B01C14530D00F268E2 /* UINavigationController+Chameleon.m */; };
		0E2942BF1C14530D00F268E2 /* UIView+ChameleonPrivate.m in Sources */ = {isa = PBXBuildFile; fileRef = 0E2942B21C14530D00F268E2 /* UIView+ChameleonPrivate.m */; };
		0E2942C01C14530D00F268E2 /* UIViewController+Chameleon.m in Sources */ = {isa = PBXBuildFile; fileRef = 0E2942B41C14530D00F268E2 /* UIViewController+Chameleon.m */; };
		0E2942C31C14542E00F268E2 /* UIColor+AllFlatColors.m in Sources */ = {isa = PBXBuildFile; fileRef = 0E2942C21C14542E00F268E2 /* UIColor+AllFlatColors.m */; };
		0E2A46F31BE08CDF008E50B8 /* EditNoteViewController.m in Sources */ = {isa = PBXBuildFile; fileRef = 0E2A46F21BE08CDF008E50B8 /* EditNoteViewController.m */; };
		0E2D36681C16F468006C947B /* Note+CoreDataProperties.m in Sources */ = {isa = PBXBuildFile; fileRef = 0E2D36671C16F468006C947B /* Note+CoreDataProperties.m */; };
		0E3046341C02ECBE00147430 /* Helper.m in Sources */ = {isa = PBXBuildFile; fileRef = 0E3046331C02ECBE00147430 /* Helper.m */; };
		0E3046401C030B5700147430 /* Colours.m in Sources */ = {isa = PBXBuildFile; fileRef = 0E30463F1C030B5700147430 /* Colours.m */; };
		0E3046441C03171A00147430 /* TimePickerCell.m in Sources */ = {isa = PBXBuildFile; fileRef = 0E3046421C03171A00147430 /* TimePickerCell.m */; };
		0E3046451C03171A00147430 /* TimePickerCell.xib in Resources */ = {isa = PBXBuildFile; fileRef = 0E3046431C03171A00147430 /* TimePickerCell.xib */; };
		0E3046491C0317E800147430 /* AlarmCell.m in Sources */ = {isa = PBXBuildFile; fileRef = 0E3046471C0317E800147430 /* AlarmCell.m */; };
		0E30464A1C0317E800147430 /* AlarmCell.xib in Resources */ = {isa = PBXBuildFile; fileRef = 0E3046481C0317E800147430 /* AlarmCell.xib */; };
		0E30464D1C03270600147430 /* DateBtn.m in Sources */ = {isa = PBXBuildFile; fileRef = 0E30464C1C03270600147430 /* DateBtn.m */; };
		0E30464F1C0328AD00147430 /* DateBtn.xib in Resources */ = {isa = PBXBuildFile; fileRef = 0E30464E1C0328AD00147430 /* DateBtn.xib */; };
		0E3E219E1BDCC200006B442B /* HelpViewController.m in Sources */ = {isa = PBXBuildFile; fileRef = 0E3E219D1BDCC200006B442B /* HelpViewController.m */; };
		0E3E21A41BDCF6F9006B442B /* CoreDataStack.m in Sources */ = {isa = PBXBuildFile; fileRef = 0E3E21A31BDCF6F9006B442B /* CoreDataStack.m */; };
		0E56D10F1C062F2D007375BD /* RubbishBinViewController.m in Sources */ = {isa = PBXBuildFile; fileRef = 0E56D10E1C062F2D007375BD /* RubbishBinViewController.m */; };
		0E56D1121C062F5A007375BD /* SyncViewController.m in Sources */ = {isa = PBXBuildFile; fileRef = 0E56D1111C062F5A007375BD /* SyncViewController.m */; };
		0E56D1151C063190007375BD /* ThemePickerView.m in Sources */ = {isa = PBXBuildFile; fileRef = 0E56D1141C063190007375BD /* ThemePickerView.m */; };
		0E56D1171C06319F007375BD /* ThemePickerView.xib in Resources */ = {isa = PBXBuildFile; fileRef = 0E56D1161C06319F007375BD /* ThemePickerView.xib */; };
		0E5DC0C41C0632E200726A50 /* UIColor+PiRandomColor.m in Sources */ = {isa = PBXBuildFile; fileRef = 0E5DC0C31C0632E200726A50 /* UIColor+PiRandomColor.m */; };
		0E68A8031BF7513E005B6538 /* DrawerToolbar.xib in Resources */ = {isa = PBXBuildFile; fileRef = 0E68A8021BF7513E005B6538 /* DrawerToolbar.xib */; };
		0E73C99B1C048517005E339F /* NotifyUtil.m in Sources */ = {isa = PBXBuildFile; fileRef = 0E73C99A1C048517005E339F /* NotifyUtil.m */; };
		0E7903A81C04D9EF007C6D8D /* SettingViewController.m in Sources */ = {isa = PBXBuildFile; fileRef = 0E7903A71C04D9EF007C6D8D /* SettingViewController.m */; };
		0E7C82B71C037D5400E6A96B /* DeleteLineContainerView.m in Sources */ = {isa = PBXBuildFile; fileRef = 0E7C82B31C037D5400E6A96B /* DeleteLineContainerView.m */; };
		0E7C82B81C037D5400E6A96B /* SwipeableCell.m in Sources */ = {isa = PBXBuildFile; fileRef = 0E7C82B51C037D5400E6A96B /* SwipeableCell.m */; };
		0E7C82B91C037D5400E6A96B /* SwipeableCell.xib in Resources */ = {isa = PBXBuildFile; fileRef = 0E7C82B61C037D5400E6A96B /* SwipeableCell.xib */; };
		0E7C82BC1C03845500E6A96B /* EditableContent.m in Sources */ = {isa = PBXBuildFile; fileRef = 0E7C82BB1C03845500E6A96B /* EditableContent.m */; };
		0E96AFFD1BF64F50007FE61C /* DrawerToolbar.m in Sources */ = {isa = PBXBuildFile; fileRef = 0E96AFFC1BF64F50007FE61C /* DrawerToolbar.m */; };
		0E9D279C1C0977E9002DCF21 /* UmengInit.m in Sources */ = {isa = PBXBuildFile; fileRef = 0E9D279B1C0977E9002DCF21 /* UmengInit.m */; };
		0EA492621C1317AC002FF5C8 /* DefaultWhiteTheme.m in Sources */ = {isa = PBXBuildFile; fileRef = 0EA492541C1317AC002FF5C8 /* DefaultWhiteTheme.m */; };
		0EA492631C1317AC002FF5C8 /* EditableCell.m in Sources */ = {isa = PBXBuildFile; fileRef = 0EA492561C1317AC002FF5C8 /* EditableCell.m */; };
		0EA492641C1317AC002FF5C8 /* EditableCell.xib in Resources */ = {isa = PBXBuildFile; fileRef = 0EA492571C1317AC002FF5C8 /* EditableCell.xib */; };
		0EA492651C1317AC002FF5C8 /* ImageBarButtonItem.m in Sources */ = {isa = PBXBuildFile; fileRef = 0EA492591C1317AC002FF5C8 /* ImageBarButtonItem.m */; };
		0EA492661C1317AC002FF5C8 /* NightTheme.m in Sources */ = {isa = PBXBuildFile; fileRef = 0EA4925B1C1317AC002FF5C8 /* NightTheme.m */; };
		0EA492671C1317AC002FF5C8 /* NotificationUtil.m in Sources */ = {isa = PBXBuildFile; fileRef = 0EA4925D1C1317AC002FF5C8 /* NotificationUtil.m */; };
		0EA492681C1317AC002FF5C8 /* ThemeManager.m in Sources */ = {isa = PBXBuildFile; fileRef = 0EA4925F1C1317AC002FF5C8 /* ThemeManager.m */; };
		0EA492691C1317AC002FF5C8 /* UIViewController+Theme.m in Sources */ = {isa = PBXBuildFile; fileRef = 0EA492611C1317AC002FF5C8 /* UIViewController+Theme.m */; };
		0EAC8E3F1C0741C2002E81F2 /* EasyThemer.m in Sources */ = {isa = PBXBuildFile; fileRef = 0EAC8E3E1C0741C2002E81F2 /* EasyThemer.m */; };
		0EBD6FA91BEB2BCA00000C99 /* Main.storyboard in Resources */ = {isa = PBXBuildFile; fileRef = 0EBD6FA31BEB2BCA00000C99 /* Main.storyboard */; };
		0EBD6FAA1BEB2BCA00000C99 /* NoNotePlaceHolderCell.m in Sources */ = {isa = PBXBuildFile; fileRef = 0EBD6FA51BEB2BCA00000C99 /* NoNotePlaceHolderCell.m */; };
		0EBD6FAB1BEB2BCA00000C99 /* NoNotePlaceHolderCell.xib in Resources */ = {isa = PBXBuildFile; fileRef = 0EBD6FA61BEB2BCA00000C99 /* NoNotePlaceHolderCell.xib */; };
		0ECF5FB61C06EF3C0051E871 /* CustomIOSAlertView.m in Sources */ = {isa = PBXBuildFile; fileRef = 0ECF5FB51C06EF3C0051E871 /* CustomIOSAlertView.m */; };
		0ECF5FB91C06F53F0051E871 /* ThemePickerViewAlert.m in Sources */ = {isa = PBXBuildFile; fileRef = 0ECF5FB81C06F53F0051E871 /* ThemePickerViewAlert.m */; };
		0ECF5FD81C06FD000051E871 /* UMSocialLocalizable.strings in Resources */ = {isa = PBXBuildFile; fileRef = 0ECF5FBE1C06FD000051E871 /* UMSocialLocalizable.strings */; };
		0ECF5FD91C06FD000051E871 /* libUMSocial_Sdk_4.3.a in Frameworks */ = {isa = PBXBuildFile; fileRef = 0ECF5FCC1C06FD000051E871 /* libUMSocial_Sdk_4.3.a */; };
		0ECF5FDA1C06FD000051E871 /* UMSCommentDetailController.xib in Resources */ = {isa = PBXBuildFile; fileRef = 0ECF5FCE1C06FD000051E871 /* UMSCommentDetailController.xib */; };
		0ECF5FDB1C06FD000051E871 /* UMSCommentInputController.xib in Resources */ = {isa = PBXBuildFile; fileRef = 0ECF5FCF1C06FD000051E871 /* UMSCommentInputController.xib */; };
		0ECF5FDC1C06FD000051E871 /* UMSCommentInputControlleriPad.xib in Resources */ = {isa = PBXBuildFile; fileRef = 0ECF5FD01C06FD000051E871 /* UMSCommentInputControlleriPad.xib */; };
		0ECF5FDD1C06FD000051E871 /* UMShareEditViewController.xib in Resources */ = {isa = PBXBuildFile; fileRef = 0ECF5FD11C06FD000051E871 /* UMShareEditViewController.xib */; };
		0ECF5FDE1C06FD000051E871 /* UMShareEditViewControlleriPad.xib in Resources */ = {isa = PBXBuildFile; fileRef = 0ECF5FD21C06FD000051E871 /* UMShareEditViewControlleriPad.xib */; };
		0ECF5FDF1C06FD000051E871 /* UMSLoginViewController.xib in Resources */ = {isa = PBXBuildFile; fileRef = 0ECF5FD31C06FD000051E871 /* UMSLoginViewController.xib */; };
		0ECF5FE01C06FD000051E871 /* UMSnsAccountViewController.xib in Resources */ = {isa = PBXBuildFile; fileRef = 0ECF5FD41C06FD000051E871 /* UMSnsAccountViewController.xib */; };
		0ECF5FE11C06FD000051E871 /* UMSShareListController.xib in Resources */ = {isa = PBXBuildFile; fileRef = 0ECF5FD51C06FD000051E871 /* UMSShareListController.xib */; };
		0ECF5FE21C06FD000051E871 /* UMSocialSDKResourcesNew.bundle in Resources */ = {isa = PBXBuildFile; fileRef = 0ECF5FD61C06FD000051E871 /* UMSocialSDKResourcesNew.bundle */; };
		0ECF5FE41C06FD440051E871 /* SystemConfiguration.framework in Frameworks */ = {isa = PBXBuildFile; fileRef = 0ECF5FE31C06FD440051E871 /* SystemConfiguration.framework */; };
		0ED13FE71BF05E77007E9A97 /* MagicTransitionAnimator.m in Sources */ = {isa = PBXBuildFile; fileRef = 0ED13FE61BF05E77007E9A97 /* MagicTransitionAnimator.m */; };
/* End PBXBuildFile section */

/* Begin PBXContainerItemProxy section */
		0E132D5E1BD94FA2006C99EC /* PBXContainerItemProxy */ = {
			isa = PBXContainerItemProxy;
			containerPortal = 0E132D391BD94FA2006C99EC /* Project object */;
			proxyType = 1;
			remoteGlobalIDString = 0E132D401BD94FA2006C99EC;
			remoteInfo = TinyDo;
		};
/* End PBXContainerItemProxy section */

/* Begin PBXFileReference section */
		0E0FF5C81C087FC8002F7623 /* DissmissKeyBoardWindow.h */ = {isa = PBXFileReference; fileEncoding = 4; lastKnownFileType = sourcecode.c.h; path = DissmissKeyBoardWindow.h; sourceTree = "<group>"; };
		0E0FF5C91C087FC8002F7623 /* DissmissKeyBoardWindow.m */ = {isa = PBXFileReference; fileEncoding = 4; lastKnownFileType = sourcecode.c.objc; path = DissmissKeyBoardWindow.m; sourceTree = "<group>"; };
		0E0FF6581C08D068002F7623 /* Note.h */ = {isa = PBXFileReference; fileEncoding = 4; lastKnownFileType = sourcecode.c.h; path = Note.h; sourceTree = "<group>"; };
		0E0FF6591C08D068002F7623 /* Note.m */ = {isa = PBXFileReference; fileEncoding = 4; lastKnownFileType = sourcecode.c.objc; path = Note.m; sourceTree = "<group>"; };
		0E132D411BD94FA2006C99EC /* TinyDo.app */ = {isa = PBXFileReference; explicitFileType = wrapper.application; includeInIndex = 0; path = TinyDo.app; sourceTree = BUILT_PRODUCTS_DIR; };
		0E132D451BD94FA2006C99EC /* Info.plist */ = {isa = PBXFileReference; lastKnownFileType = text.plist.xml; path = Info.plist; sourceTree = "<group>"; };
		0E132D461BD94FA2006C99EC /* main.m */ = {isa = PBXFileReference; lastKnownFileType = sourcecode.c.objc; path = main.m; sourceTree = "<group>"; };
		0E132D481BD94FA2006C99EC /* AppDelegate.h */ = {isa = PBXFileReference; lastKnownFileType = sourcecode.c.h; path = AppDelegate.h; sourceTree = "<group>"; };
		0E132D491BD94FA2006C99EC /* AppDelegate.m */ = {isa = PBXFileReference; lastKnownFileType = sourcecode.c.objc; path = AppDelegate.m; sourceTree = "<group>"; };
		0E132D4C1BD94FA2006C99EC /* TinyDo.xcdatamodel */ = {isa = PBXFileReference; lastKnownFileType = wrapper.xcdatamodel; path = TinyDo.xcdatamodel; sourceTree = "<group>"; };
		0E132D541BD94FA2006C99EC /* Images.xcassets */ = {isa = PBXFileReference; lastKnownFileType = folder.assetcatalog; path = Images.xcassets; sourceTree = "<group>"; };
		0E132D571BD94FA2006C99EC /* Base */ = {isa = PBXFileReference; lastKnownFileType = file.xib; name = Base; path = Base.lproj/LaunchScreen.xib; sourceTree = "<group>"; };
		0E132D5D1BD94FA2006C99EC /* TinyDoTests.xctest */ = {isa = PBXFileReference; explicitFileType = wrapper.cfbundle; includeInIndex = 0; path = TinyDoTests.xctest; sourceTree = BUILT_PRODUCTS_DIR; };
		0E132D621BD94FA2006C99EC /* Info.plist */ = {isa = PBXFileReference; lastKnownFileType = text.plist.xml; path = Info.plist; sourceTree = "<group>"; };
		0E132D631BD94FA2006C99EC /* TinyDoTests.m */ = {isa = PBXFileReference; lastKnownFileType = sourcecode.c.objc; path = TinyDoTests.m; sourceTree = "<group>"; };
		0E132D711BD955A7006C99EC /* ToDoListViewController.h */ = {isa = PBXFileReference; fileEncoding = 4; lastKnownFileType = sourcecode.c.h; path = ToDoListViewController.h; sourceTree = "<group>"; };
		0E132D721BD955A7006C99EC /* ToDoListViewController.m */ = {isa = PBXFileReference; fileEncoding = 4; lastKnownFileType = sourcecode.c.objc; path = ToDoListViewController.m; sourceTree = "<group>"; };
		0E132D741BD955B7006C99EC /* AboutViewController.h */ = {isa = PBXFileReference; fileEncoding = 4; lastKnownFileType = sourcecode.c.h; path = AboutViewController.h; sourceTree = "<group>"; };
		0E132D751BD955B7006C99EC /* AboutViewController.m */ = {isa = PBXFileReference; fileEncoding = 4; lastKnownFileType = sourcecode.c.objc; path = AboutViewController.m; sourceTree = "<group>"; };
		0E29429A1C14530D00F268E2 /* Chameleon.h */ = {isa = PBXFileReference; fileEncoding = 4; lastKnownFileType = sourcecode.c.h; path = Chameleon.h; sourceTree = "<group>"; };
		0E29429B1C14530D00F268E2 /* Chameleon_.h */ = {isa = PBXFileReference; fileEncoding = 4; lastKnownFileType = sourcecode.c.h; path = Chameleon_.h; sourceTree = "<group>"; };
		0E29429C1C14530D00F268E2 /* Chameleon_.m */ = {isa = PBXFileReference; fileEncoding = 4; lastKnownFileType = sourcecode.c.objc; path = Chameleon_.m; sourceTree = "<group>"; };
		0E29429D1C14530D00F268E2 /* ChameleonConstants.h */ = {isa = PBXFileReference; fileEncoding = 4; lastKnownFileType = sourcecode.c.h; path = ChameleonConstants.h; sourceTree = "<group>"; };
		0E29429E1C14530D00F268E2 /* ChameleonConstants.m */ = {isa = PBXFileReference; fileEncoding = 4; lastKnownFileType = sourcecode.c.objc; path = ChameleonConstants.m; sourceTree = "<group>"; };
		0E29429F1C14530D00F268E2 /* ChameleonEnums.h */ = {isa = PBXFileReference; fileEncoding = 4; lastKnownFileType = sourcecode.c.h; path = ChameleonEnums.h; sourceTree = "<group>"; };
		0E2942A01C14530D00F268E2 /* ChameleonMacros.h */ = {isa = PBXFileReference; fileEncoding = 4; lastKnownFileType = sourcecode.c.h; path = ChameleonMacros.h; sourceTree = "<group>"; };
		0E2942A11C14530D00F268E2 /* NSArray+Chameleon.h */ = {isa = PBXFileReference; fileEncoding = 4; lastKnownFileType = sourcecode.c.h; path = "NSArray+Chameleon.h"; sourceTree = "<group>"; };
		0E2942A21C14530D00F268E2 /* NSArray+Chameleon.m */ = {isa = PBXFileReference; fileEncoding = 4; lastKnownFileType = sourcecode.c.objc; path = "NSArray+Chameleon.m"; sourceTree = "<group>"; };
		0E2942A31C14530D00F268E2 /* UIAppearance+Swift.h */ = {isa = PBXFileReference; fileEncoding = 4; lastKnownFileType = sourcecode.c.h; path = "UIAppearance+Swift.h"; sourceTree = "<group>"; };
		0E2942A41C14530D00F268E2 /* UIAppearance+Swift.m */ = {isa = PBXFileReference; fileEncoding = 4; lastKnownFileType = sourcecode.c.objc; path = "UIAppearance+Swift.m"; sourceTree = "<group>"; };
		0E2942A51C14530D00F268E2 /* UIButton+Chameleon.h */ = {isa = PBXFileReference; fileEncoding = 4; lastKnownFileType = sourcecode.c.h; path = "UIButton+Chameleon.h"; sourceTree = "<group>"; };
		0E2942A61C14530D00F268E2 /* UIButton+Chameleon.m */ = {isa = PBXFileReference; fileEncoding = 4; lastKnownFileType = sourcecode.c.objc; path = "UIButton+Chameleon.m"; sourceTree = "<group>"; };
		0E2942A71C14530D00F268E2 /* UIColor+Chameleon.h */ = {isa = PBXFileReference; fileEncoding = 4; lastKnownFileType = sourcecode.c.h; path = "UIColor+Chameleon.h"; sourceTree = "<group>"; };
		0E2942A81C14530D00F268E2 /* UIColor+Chameleon.m */ = {isa = PBXFileReference; fileEncoding = 4; lastKnownFileType = sourcecode.c.objc; path = "UIColor+Chameleon.m"; sourceTree = "<group>"; };
		0E2942A91C14530D00F268E2 /* UIColor+ChameleonPrivate.h */ = {isa = PBXFileReference; fileEncoding = 4; lastKnownFileType = sourcecode.c.h; path = "UIColor+ChameleonPrivate.h"; sourceTree = "<group>"; };
		0E2942AA1C14530D00F268E2 /* UIColor+ChameleonPrivate.m */ = {isa = PBXFileReference; fileEncoding = 4; lastKnownFileType = sourcecode.c.objc; path = "UIColor+ChameleonPrivate.m"; sourceTree = "<group>"; };
		0E2942AB1C14530D00F268E2 /* UIImage+ChameleonPrivate.h */ = {isa = PBXFileReference; fileEncoding = 4; lastKnownFileType = sourcecode.c.h; path = "UIImage+ChameleonPrivate.h"; sourceTree = "<group>"; };
		0E2942AC1C14530D00F268E2 /* UIImage+ChameleonPrivate.m */ = {isa = PBXFileReference; fileEncoding = 4; lastKnownFileType = sourcecode.c.objc; path = "UIImage+ChameleonPrivate.m"; sourceTree = "<group>"; };
		0E2942AD1C14530D00F268E2 /* UILabel+Chameleon.h */ = {isa = PBXFileReference; fileEncoding = 4; lastKnownFileType = sourcecode.c.h; path = "UILabel+Chameleon.h"; sourceTree = "<group>"; };
		0E2942AE1C14530D00F268E2 /* UILabel+Chameleon.m */ = {isa = PBXFileReference; fileEncoding = 4; lastKnownFileType = sourcecode.c.objc; path = "UILabel+Chameleon.m"; sourceTree = "<group>"; };
		0E2942AF1C14530D00F268E2 /* UINavigationController+Chameleon.h */ = {isa = PBXFileReference; fileEncoding = 4; lastKnownFileType = sourcecode.c.h; path = "UINavigationController+Chameleon.h"; sourceTree = "<group>"; };
		0E2942B01C14530D00F268E2 /* UINavigationController+Chameleon.m */ = {isa = PBXFileReference; fileEncoding = 4; lastKnownFileType = sourcecode.c.objc; path = "UINavigationController+Chameleon.m"; sourceTree = "<group>"; };
		0E2942B11C14530D00F268E2 /* UIView+ChameleonPrivate.h */ = {isa = PBXFileReference; fileEncoding = 4; lastKnownFileType = sourcecode.c.h; path = "UIView+ChameleonPrivate.h"; sourceTree = "<group>"; };
		0E2942B21C14530D00F268E2 /* UIView+ChameleonPrivate.m */ = {isa = PBXFileReference; fileEncoding = 4; lastKnownFileType = sourcecode.c.objc; path = "UIView+ChameleonPrivate.m"; sourceTree = "<group>"; };
		0E2942B31C14530D00F268E2 /* UIViewController+Chameleon.h */ = {isa = PBXFileReference; fileEncoding = 4; lastKnownFileType = sourcecode.c.h; path = "UIViewController+Chameleon.h"; sourceTree = "<group>"; };
		0E2942B41C14530D00F268E2 /* UIViewController+Chameleon.m */ = {isa = PBXFileReference; fileEncoding = 4; lastKnownFileType = sourcecode.c.objc; path = "UIViewController+Chameleon.m"; sourceTree = "<group>"; };
		0E2942C11C14542E00F268E2 /* UIColor+AllFlatColors.h */ = {isa = PBXFileReference; fileEncoding = 4; lastKnownFileType = sourcecode.c.h; path = "UIColor+AllFlatColors.h"; sourceTree = "<group>"; };
		0E2942C21C14542E00F268E2 /* UIColor+AllFlatColors.m */ = {isa = PBXFileReference; fileEncoding = 4; lastKnownFileType = sourcecode.c.objc; path = "UIColor+AllFlatColors.m"; sourceTree = "<group>"; };
		0E2A46F11BE08CDF008E50B8 /* EditNoteViewController.h */ = {isa = PBXFileReference; fileEncoding = 4; lastKnownFileType = sourcecode.c.h; path = EditNoteViewController.h; sourceTree = "<group>"; };
		0E2A46F21BE08CDF008E50B8 /* EditNoteViewController.m */ = {isa = PBXFileReference; fileEncoding = 4; lastKnownFileType = sourcecode.c.objc; path = EditNoteViewController.m; sourceTree = "<group>"; };
		0E2D36661C16F468006C947B /* Note+CoreDataProperties.h */ = {isa = PBXFileReference; fileEncoding = 4; lastKnownFileType = sourcecode.c.h; path = "Note+CoreDataProperties.h"; sourceTree = "<group>"; };
		0E2D36671C16F468006C947B /* Note+CoreDataProperties.m */ = {isa = PBXFileReference; fileEncoding = 4; lastKnownFileType = sourcecode.c.objc; path = "Note+CoreDataProperties.m"; sourceTree = "<group>"; };
		0E3046321C02ECBE00147430 /* Helper.h */ = {isa = PBXFileReference; fileEncoding = 4; lastKnownFileType = sourcecode.c.h; path = Helper.h; sourceTree = "<group>"; };
		0E3046331C02ECBE00147430 /* Helper.m */ = {isa = PBXFileReference; fileEncoding = 4; lastKnownFileType = sourcecode.c.objc; path = Helper.m; sourceTree = "<group>"; };
		0E30463E1C030B5600147430 /* Colours.h */ = {isa = PBXFileReference; fileEncoding = 4; lastKnownFileType = sourcecode.c.h; path = Colours.h; sourceTree = "<group>"; };
		0E30463F1C030B5700147430 /* Colours.m */ = {isa = PBXFileReference; fileEncoding = 4; lastKnownFileType = sourcecode.c.objc; path = Colours.m; sourceTree = "<group>"; };
		0E3046411C03171A00147430 /* TimePickerCell.h */ = {isa = PBXFileReference; fileEncoding = 4; lastKnownFileType = sourcecode.c.h; path = TimePickerCell.h; sourceTree = "<group>"; };
		0E3046421C03171A00147430 /* TimePickerCell.m */ = {isa = PBXFileReference; fileEncoding = 4; lastKnownFileType = sourcecode.c.objc; path = TimePickerCell.m; sourceTree = "<group>"; };
		0E3046431C03171A00147430 /* TimePickerCell.xib */ = {isa = PBXFileReference; fileEncoding = 4; lastKnownFileType = file.xib; path = TimePickerCell.xib; sourceTree = "<group>"; };
		0E3046461C0317E800147430 /* AlarmCell.h */ = {isa = PBXFileReference; fileEncoding = 4; lastKnownFileType = sourcecode.c.h; path = AlarmCell.h; sourceTree = "<group>"; };
		0E3046471C0317E800147430 /* AlarmCell.m */ = {isa = PBXFileReference; fileEncoding = 4; lastKnownFileType = sourcecode.c.objc; path = AlarmCell.m; sourceTree = "<group>"; };
		0E3046481C0317E800147430 /* AlarmCell.xib */ = {isa = PBXFileReference; fileEncoding = 4; lastKnownFileType = file.xib; path = AlarmCell.xib; sourceTree = "<group>"; };
		0E30464B1C03270600147430 /* DateBtn.h */ = {isa = PBXFileReference; fileEncoding = 4; lastKnownFileType = sourcecode.c.h; path = DateBtn.h; sourceTree = "<group>"; };
		0E30464C1C03270600147430 /* DateBtn.m */ = {isa = PBXFileReference; fileEncoding = 4; lastKnownFileType = sourcecode.c.objc; path = DateBtn.m; sourceTree = "<group>"; };
		0E30464E1C0328AD00147430 /* DateBtn.xib */ = {isa = PBXFileReference; fileEncoding = 4; lastKnownFileType = file.xib; path = DateBtn.xib; sourceTree = "<group>"; };
		0E3E219C1BDCC200006B442B /* HelpViewController.h */ = {isa = PBXFileReference; fileEncoding = 4; lastKnownFileType = sourcecode.c.h; path = HelpViewController.h; sourceTree = "<group>"; };
		0E3E219D1BDCC200006B442B /* HelpViewController.m */ = {isa = PBXFileReference; fileEncoding = 4; lastKnownFileType = sourcecode.c.objc; path = HelpViewController.m; sourceTree = "<group>"; };
		0E3E21A21BDCF6F9006B442B /* CoreDataStack.h */ = {isa = PBXFileReference; fileEncoding = 4; lastKnownFileType = sourcecode.c.h; path = CoreDataStack.h; sourceTree = "<group>"; };
		0E3E21A31BDCF6F9006B442B /* CoreDataStack.m */ = {isa = PBXFileReference; fileEncoding = 4; lastKnownFileType = sourcecode.c.objc; path = CoreDataStack.m; sourceTree = "<group>"; };
		0E56D10D1C062F2D007375BD /* RubbishBinViewController.h */ = {isa = PBXFileReference; fileEncoding = 4; lastKnownFileType = sourcecode.c.h; path = RubbishBinViewController.h; sourceTree = "<group>"; };
		0E56D10E1C062F2D007375BD /* RubbishBinViewController.m */ = {isa = PBXFileReference; fileEncoding = 4; lastKnownFileType = sourcecode.c.objc; path = RubbishBinViewController.m; sourceTree = "<group>"; };
		0E56D1101C062F5A007375BD /* SyncViewController.h */ = {isa = PBXFileReference; fileEncoding = 4; lastKnownFileType = sourcecode.c.h; path = SyncViewController.h; sourceTree = "<group>"; };
		0E56D1111C062F5A007375BD /* SyncViewController.m */ = {isa = PBXFileReference; fileEncoding = 4; lastKnownFileType = sourcecode.c.objc; path = SyncViewController.m; sourceTree = "<group>"; };
		0E56D1131C063190007375BD /* ThemePickerView.h */ = {isa = PBXFileReference; fileEncoding = 4; lastKnownFileType = sourcecode.c.h; name = ThemePickerView.h; path = ../ThemePickerView.h; sourceTree = "<group>"; };
		0E56D1141C063190007375BD /* ThemePickerView.m */ = {isa = PBXFileReference; fileEncoding = 4; lastKnownFileType = sourcecode.c.objc; name = ThemePickerView.m; path = ../ThemePickerView.m; sourceTree = "<group>"; };
		0E56D1161C06319F007375BD /* ThemePickerView.xib */ = {isa = PBXFileReference; fileEncoding = 4; lastKnownFileType = file.xib; name = ThemePickerView.xib; path = ../ThemePickerView.xib; sourceTree = "<group>"; };
		0E5DC0C21C0632E200726A50 /* UIColor+PiRandomColor.h */ = {isa = PBXFileReference; fileEncoding = 4; lastKnownFileType = sourcecode.c.h; path = "UIColor+PiRandomColor.h"; sourceTree = "<group>"; };
		0E5DC0C31C0632E200726A50 /* UIColor+PiRandomColor.m */ = {isa = PBXFileReference; fileEncoding = 4; lastKnownFileType = sourcecode.c.objc; path = "UIColor+PiRandomColor.m"; sourceTree = "<group>"; };
		0E68A8021BF7513E005B6538 /* DrawerToolbar.xib */ = {isa = PBXFileReference; fileEncoding = 4; lastKnownFileType = file.xib; path = DrawerToolbar.xib; sourceTree = "<group>"; };
		0E73C9991C048517005E339F /* NotifyUtil.h */ = {isa = PBXFileReference; fileEncoding = 4; lastKnownFileType = sourcecode.c.h; path = NotifyUtil.h; sourceTree = "<group>"; };
		0E73C99A1C048517005E339F /* NotifyUtil.m */ = {isa = PBXFileReference; fileEncoding = 4; lastKnownFileType = sourcecode.c.objc; path = NotifyUtil.m; sourceTree = "<group>"; };
		0E7903A61C04D9EF007C6D8D /* SettingViewController.h */ = {isa = PBXFileReference; fileEncoding = 4; lastKnownFileType = sourcecode.c.h; path = SettingViewController.h; sourceTree = "<group>"; };
		0E7903A71C04D9EF007C6D8D /* SettingViewController.m */ = {isa = PBXFileReference; fileEncoding = 4; lastKnownFileType = sourcecode.c.objc; path = SettingViewController.m; sourceTree = "<group>"; };
		0E7C82B21C037D5400E6A96B /* DeleteLineContainerView.h */ = {isa = PBXFileReference; fileEncoding = 4; lastKnownFileType = sourcecode.c.h; path = DeleteLineContainerView.h; sourceTree = "<group>"; };
		0E7C82B31C037D5400E6A96B /* DeleteLineContainerView.m */ = {isa = PBXFileReference; fileEncoding = 4; lastKnownFileType = sourcecode.c.objc; path = DeleteLineContainerView.m; sourceTree = "<group>"; };
		0E7C82B41C037D5400E6A96B /* SwipeableCell.h */ = {isa = PBXFileReference; fileEncoding = 4; lastKnownFileType = sourcecode.c.h; path = SwipeableCell.h; sourceTree = "<group>"; };
		0E7C82B51C037D5400E6A96B /* SwipeableCell.m */ = {isa = PBXFileReference; fileEncoding = 4; lastKnownFileType = sourcecode.c.objc; path = SwipeableCell.m; sourceTree = "<group>"; };
		0E7C82B61C037D5400E6A96B /* SwipeableCell.xib */ = {isa = PBXFileReference; fileEncoding = 4; lastKnownFileType = file.xib; path = SwipeableCell.xib; sourceTree = "<group>"; };
		0E7C82BA1C03845500E6A96B /* EditableContent.h */ = {isa = PBXFileReference; fileEncoding = 4; lastKnownFileType = sourcecode.c.h; path = EditableContent.h; sourceTree = "<group>"; };
		0E7C82BB1C03845500E6A96B /* EditableContent.m */ = {isa = PBXFileReference; fileEncoding = 4; lastKnownFileType = sourcecode.c.objc; path = EditableContent.m; sourceTree = "<group>"; };
		0E96AFFB1BF64F50007FE61C /* DrawerToolbar.h */ = {isa = PBXFileReference; fileEncoding = 4; lastKnownFileType = sourcecode.c.h; path = DrawerToolbar.h; sourceTree = "<group>"; };
		0E96AFFC1BF64F50007FE61C /* DrawerToolbar.m */ = {isa = PBXFileReference; fileEncoding = 4; lastKnownFileType = sourcecode.c.objc; path = DrawerToolbar.m; sourceTree = "<group>"; };
		0E9D279A1C0977E9002DCF21 /* UmengInit.h */ = {isa = PBXFileReference; fileEncoding = 4; lastKnownFileType = sourcecode.c.h; path = UmengInit.h; sourceTree = "<group>"; };
		0E9D279B1C0977E9002DCF21 /* UmengInit.m */ = {isa = PBXFileReference; fileEncoding = 4; lastKnownFileType = sourcecode.c.objc; path = UmengInit.m; sourceTree = "<group>"; };
		0EA492531C1317AC002FF5C8 /* DefaultWhiteTheme.h */ = {isa = PBXFileReference; fileEncoding = 4; lastKnownFileType = sourcecode.c.h; path = DefaultWhiteTheme.h; sourceTree = "<group>"; };
		0EA492541C1317AC002FF5C8 /* DefaultWhiteTheme.m */ = {isa = PBXFileReference; fileEncoding = 4; lastKnownFileType = sourcecode.c.objc; path = DefaultWhiteTheme.m; sourceTree = "<group>"; };
		0EA492551C1317AC002FF5C8 /* EditableCell.h */ = {isa = PBXFileReference; fileEncoding = 4; lastKnownFileType = sourcecode.c.h; path = EditableCell.h; sourceTree = "<group>"; };
		0EA492561C1317AC002FF5C8 /* EditableCell.m */ = {isa = PBXFileReference; fileEncoding = 4; lastKnownFileType = sourcecode.c.objc; path = EditableCell.m; sourceTree = "<group>"; };
		0EA492571C1317AC002FF5C8 /* EditableCell.xib */ = {isa = PBXFileReference; fileEncoding = 4; lastKnownFileType = file.xib; path = EditableCell.xib; sourceTree = "<group>"; };
		0EA492581C1317AC002FF5C8 /* ImageBarButtonItem.h */ = {isa = PBXFileReference; fileEncoding = 4; lastKnownFileType = sourcecode.c.h; path = ImageBarButtonItem.h; sourceTree = "<group>"; };
		0EA492591C1317AC002FF5C8 /* ImageBarButtonItem.m */ = {isa = PBXFileReference; fileEncoding = 4; lastKnownFileType = sourcecode.c.objc; path = ImageBarButtonItem.m; sourceTree = "<group>"; };
		0EA4925A1C1317AC002FF5C8 /* NightTheme.h */ = {isa = PBXFileReference; fileEncoding = 4; lastKnownFileType = sourcecode.c.h; path = NightTheme.h; sourceTree = "<group>"; };
		0EA4925B1C1317AC002FF5C8 /* NightTheme.m */ = {isa = PBXFileReference; fileEncoding = 4; lastKnownFileType = sourcecode.c.objc; path = NightTheme.m; sourceTree = "<group>"; };
		0EA4925C1C1317AC002FF5C8 /* NotificationUtil.h */ = {isa = PBXFileReference; fileEncoding = 4; lastKnownFileType = sourcecode.c.h; path = NotificationUtil.h; sourceTree = "<group>"; };
		0EA4925D1C1317AC002FF5C8 /* NotificationUtil.m */ = {isa = PBXFileReference; fileEncoding = 4; lastKnownFileType = sourcecode.c.objc; path = NotificationUtil.m; sourceTree = "<group>"; };
		0EA4925E1C1317AC002FF5C8 /* ThemeManager.h */ = {isa = PBXFileReference; fileEncoding = 4; lastKnownFileType = sourcecode.c.h; path = ThemeManager.h; sourceTree = "<group>"; };
		0EA4925F1C1317AC002FF5C8 /* ThemeManager.m */ = {isa = PBXFileReference; fileEncoding = 4; lastKnownFileType = sourcecode.c.objc; path = ThemeManager.m; sourceTree = "<group>"; };
		0EA492601C1317AC002FF5C8 /* UIViewController+Theme.h */ = {isa = PBXFileReference; fileEncoding = 4; lastKnownFileType = sourcecode.c.h; path = "UIViewController+Theme.h"; sourceTree = "<group>"; };
		0EA492611C1317AC002FF5C8 /* UIViewController+Theme.m */ = {isa = PBXFileReference; fileEncoding = 4; lastKnownFileType = sourcecode.c.objc; path = "UIViewController+Theme.m"; sourceTree = "<group>"; };
		0EAC8E3D1C0741C2002E81F2 /* EasyThemer.h */ = {isa = PBXFileReference; fileEncoding = 4; lastKnownFileType = sourcecode.c.h; path = EasyThemer.h; sourceTree = "<group>"; };
		0EAC8E3E1C0741C2002E81F2 /* EasyThemer.m */ = {isa = PBXFileReference; fileEncoding = 4; lastKnownFileType = sourcecode.c.objc; path = EasyThemer.m; sourceTree = "<group>"; };
		0EBD6FA31BEB2BCA00000C99 /* Main.storyboard */ = {isa = PBXFileReference; fileEncoding = 4; lastKnownFileType = file.storyboard; path = Main.storyboard; sourceTree = "<group>"; };
		0EBD6FA41BEB2BCA00000C99 /* NoNotePlaceHolderCell.h */ = {isa = PBXFileReference; fileEncoding = 4; lastKnownFileType = sourcecode.c.h; path = NoNotePlaceHolderCell.h; sourceTree = "<group>"; };
		0EBD6FA51BEB2BCA00000C99 /* NoNotePlaceHolderCell.m */ = {isa = PBXFileReference; fileEncoding = 4; lastKnownFileType = sourcecode.c.objc; path = NoNotePlaceHolderCell.m; sourceTree = "<group>"; };
		0EBD6FA61BEB2BCA00000C99 /* NoNotePlaceHolderCell.xib */ = {isa = PBXFileReference; fileEncoding = 4; lastKnownFileType = file.xib; path = NoNotePlaceHolderCell.xib; sourceTree = "<group>"; };
		0ECF5FB41C06EF3C0051E871 /* CustomIOSAlertView.h */ = {isa = PBXFileReference; fileEncoding = 4; lastKnownFileType = sourcecode.c.h; path = CustomIOSAlertView.h; sourceTree = "<group>"; };
		0ECF5FB51C06EF3C0051E871 /* CustomIOSAlertView.m */ = {isa = PBXFileReference; fileEncoding = 4; lastKnownFileType = sourcecode.c.objc; path = CustomIOSAlertView.m; sourceTree = "<group>"; };
		0ECF5FB71C06F53F0051E871 /* ThemePickerViewAlert.h */ = {isa = PBXFileReference; fileEncoding = 4; lastKnownFileType = sourcecode.c.h; path = ThemePickerViewAlert.h; sourceTree = "<group>"; };
		0ECF5FB81C06F53F0051E871 /* ThemePickerViewAlert.m */ = {isa = PBXFileReference; fileEncoding = 4; lastKnownFileType = sourcecode.c.objc; path = ThemePickerViewAlert.m; sourceTree = "<group>"; };
		0ECF5FBF1C06FD000051E871 /* en */ = {isa = PBXFileReference; lastKnownFileType = text.plist.strings; name = en; path = en.lproj/UMSocialLocalizable.strings; sourceTree = "<group>"; };
		0ECF5FC11C06FD000051E871 /* UMSocial.h */ = {isa = PBXFileReference; fileEncoding = 4; lastKnownFileType = sourcecode.c.h; path = UMSocial.h; sourceTree = "<group>"; };
		0ECF5FC21C06FD000051E871 /* UMSocialAccountManager.h */ = {isa = PBXFileReference; fileEncoding = 4; lastKnownFileType = sourcecode.c.h; path = UMSocialAccountManager.h; sourceTree = "<group>"; };
		0ECF5FC31C06FD000051E871 /* UMSocialBar.h */ = {isa = PBXFileReference; fileEncoding = 4; lastKnownFileType = sourcecode.c.h; path = UMSocialBar.h; sourceTree = "<group>"; };
		0ECF5FC41C06FD000051E871 /* UMSocialConfig.h */ = {isa = PBXFileReference; fileEncoding = 4; lastKnownFileType = sourcecode.c.h; path = UMSocialConfig.h; sourceTree = "<group>"; };
		0ECF5FC51C06FD000051E871 /* UMSocialControllerService.h */ = {isa = PBXFileReference; fileEncoding = 4; lastKnownFileType = sourcecode.c.h; path = UMSocialControllerService.h; sourceTree = "<group>"; };
		0ECF5FC61C06FD000051E871 /* UMSocialControllerServiceComment.h */ = {isa = PBXFileReference; fileEncoding = 4; lastKnownFileType = sourcecode.c.h; path = UMSocialControllerServiceComment.h; sourceTree = "<group>"; };
		0ECF5FC71C06FD000051E871 /* UMSocialData.h */ = {isa = PBXFileReference; fileEncoding = 4; lastKnownFileType = sourcecode.c.h; path = UMSocialData.h; sourceTree = "<group>"; };
		0ECF5FC81C06FD000051E871 /* UMSocialDataService.h */ = {isa = PBXFileReference; fileEncoding = 4; lastKnownFileType = sourcecode.c.h; path = UMSocialDataService.h; sourceTree = "<group>"; };
		0ECF5FC91C06FD000051E871 /* UMSocialSnsData.h */ = {isa = PBXFileReference; fileEncoding = 4; lastKnownFileType = sourcecode.c.h; path = UMSocialSnsData.h; sourceTree = "<group>"; };
		0ECF5FCA1C06FD000051E871 /* UMSocialSnsPlatformManager.h */ = {isa = PBXFileReference; fileEncoding = 4; lastKnownFileType = sourcecode.c.h; path = UMSocialSnsPlatformManager.h; sourceTree = "<group>"; };
		0ECF5FCB1C06FD000051E871 /* UMSocialSnsService.h */ = {isa = PBXFileReference; fileEncoding = 4; lastKnownFileType = sourcecode.c.h; path = UMSocialSnsService.h; sourceTree = "<group>"; };
		0ECF5FCC1C06FD000051E871 /* libUMSocial_Sdk_4.3.a */ = {isa = PBXFileReference; lastKnownFileType = archive.ar; path = libUMSocial_Sdk_4.3.a; sourceTree = "<group>"; };
		0ECF5FCE1C06FD000051E871 /* UMSCommentDetailController.xib */ = {isa = PBXFileReference; fileEncoding = 4; lastKnownFileType = file.xib; path = UMSCommentDetailController.xib; sourceTree = "<group>"; };
		0ECF5FCF1C06FD000051E871 /* UMSCommentInputController.xib */ = {isa = PBXFileReference; fileEncoding = 4; lastKnownFileType = file.xib; path = UMSCommentInputController.xib; sourceTree = "<group>"; };
		0ECF5FD01C06FD000051E871 /* UMSCommentInputControlleriPad.xib */ = {isa = PBXFileReference; fileEncoding = 4; lastKnownFileType = file.xib; path = UMSCommentInputControlleriPad.xib; sourceTree = "<group>"; };
		0ECF5FD11C06FD000051E871 /* UMShareEditViewController.xib */ = {isa = PBXFileReference; fileEncoding = 4; lastKnownFileType = file.xib; path = UMShareEditViewController.xib; sourceTree = "<group>"; };
		0ECF5FD21C06FD000051E871 /* UMShareEditViewControlleriPad.xib */ = {isa = PBXFileReference; fileEncoding = 4; lastKnownFileType = file.xib; path = UMShareEditViewControlleriPad.xib; sourceTree = "<group>"; };
		0ECF5FD31C06FD000051E871 /* UMSLoginViewController.xib */ = {isa = PBXFileReference; fileEncoding = 4; lastKnownFileType = file.xib; path = UMSLoginViewController.xib; sourceTree = "<group>"; };
		0ECF5FD41C06FD000051E871 /* UMSnsAccountViewController.xib */ = {isa = PBXFileReference; fileEncoding = 4; lastKnownFileType = file.xib; path = UMSnsAccountViewController.xib; sourceTree = "<group>"; };
		0ECF5FD51C06FD000051E871 /* UMSShareListController.xib */ = {isa = PBXFileReference; fileEncoding = 4; lastKnownFileType = file.xib; path = UMSShareListController.xib; sourceTree = "<group>"; };
		0ECF5FD61C06FD000051E871 /* UMSocialSDKResourcesNew.bundle */ = {isa = PBXFileReference; lastKnownFileType = "wrapper.plug-in"; path = UMSocialSDKResourcesNew.bundle; sourceTree = "<group>"; };
		0ECF5FD71C06FD000051E871 /* zh-Hans */ = {isa = PBXFileReference; lastKnownFileType = text.plist.strings; name = "zh-Hans"; path = "zh-Hans.lproj/UMSocialLocalizable.strings"; sourceTree = "<group>"; };
		0ECF5FE31C06FD440051E871 /* SystemConfiguration.framework */ = {isa = PBXFileReference; lastKnownFileType = wrapper.framework; name = SystemConfiguration.framework; path = System/Library/Frameworks/SystemConfiguration.framework; sourceTree = SDKROOT; };
		0ED13FE51BF05E77007E9A97 /* MagicTransitionAnimator.h */ = {isa = PBXFileReference; fileEncoding = 4; lastKnownFileType = sourcecode.c.h; path = MagicTransitionAnimator.h; sourceTree = "<group>"; };
		0ED13FE61BF05E77007E9A97 /* MagicTransitionAnimator.m */ = {isa = PBXFileReference; fileEncoding = 4; lastKnownFileType = sourcecode.c.objc; path = MagicTransitionAnimator.m; sourceTree = "<group>"; };
/* End PBXFileReference section */

/* Begin PBXFrameworksBuildPhase section */
		0E132D3E1BD94FA2006C99EC /* Frameworks */ = {
			isa = PBXFrameworksBuildPhase;
			buildActionMask = 2147483647;
			files = (
				0ECF5FE41C06FD440051E871 /* SystemConfiguration.framework in Frameworks */,
				0ECF5FD91C06FD000051E871 /* libUMSocial_Sdk_4.3.a in Frameworks */,
			);
			runOnlyForDeploymentPostprocessing = 0;
		};
		0E132D5A1BD94FA2006C99EC /* Frameworks */ = {
			isa = PBXFrameworksBuildPhase;
			buildActionMask = 2147483647;
			files = (
			);
			runOnlyForDeploymentPostprocessing = 0;
		};
/* End PBXFrameworksBuildPhase section */

/* Begin PBXGroup section */
		0E132D381BD94FA2006C99EC = {
			isa = PBXGroup;
			children = (
				0E132D431BD94FA2006C99EC /* TinyDo */,
				0E132D601BD94FA2006C99EC /* TinyDoTests */,
				0E132D421BD94FA2006C99EC /* Products */,
			);
			sourceTree = "<group>";
		};
		0E132D421BD94FA2006C99EC /* Products */ = {
			isa = PBXGroup;
			children = (
				0E132D411BD94FA2006C99EC /* TinyDo.app */,
				0E132D5D1BD94FA2006C99EC /* TinyDoTests.xctest */,
			);
			name = Products;
			sourceTree = "<group>";
		};
		0E132D431BD94FA2006C99EC /* TinyDo */ = {
			isa = PBXGroup;
			children = (
				0EA492521C1317AC002FF5C8 /* Deprecated */,
				0ED13FE41BF05E77007E9A97 /* Anim */,
				0EBD6F9F1BEB2BCA00000C99 /* View */,
				0E132D6E1BD95034006C99EC /* Model */,
				0E132D6F1BD95034006C99EC /* Tool */,
				0E132D6D1BD9502A006C99EC /* Controller */,
				0E132D441BD94FA2006C99EC /* Supporting Files */,
			);
			path = TinyDo;
			sourceTree = "<group>";
		};
		0E132D441BD94FA2006C99EC /* Supporting Files */ = {
			isa = PBXGroup;
			children = (
				0ECF5FE31C06FD440051E871 /* SystemConfiguration.framework */,
				0ECF5FBD1C06FD000051E871 /* UMSocial_Sdk_4.3 */,
				0E132D481BD94FA2006C99EC /* AppDelegate.h */,
				0E132D491BD94FA2006C99EC /* AppDelegate.m */,
				0E132D541BD94FA2006C99EC /* Images.xcassets */,
				0E132D561BD94FA2006C99EC /* LaunchScreen.xib */,
				0E132D451BD94FA2006C99EC /* Info.plist */,
				0E132D461BD94FA2006C99EC /* main.m */,
				0E9D279A1C0977E9002DCF21 /* UmengInit.h */,
				0E9D279B1C0977E9002DCF21 /* UmengInit.m */,
			);
			name = "Supporting Files";
			sourceTree = "<group>";
		};
		0E132D601BD94FA2006C99EC /* TinyDoTests */ = {
			isa = PBXGroup;
			children = (
				0E132D631BD94FA2006C99EC /* TinyDoTests.m */,
				0E132D611BD94FA2006C99EC /* Supporting Files */,
			);
			path = TinyDoTests;
			sourceTree = "<group>";
		};
		0E132D611BD94FA2006C99EC /* Supporting Files */ = {
			isa = PBXGroup;
			children = (
				0E132D621BD94FA2006C99EC /* Info.plist */,
			);
			name = "Supporting Files";
			sourceTree = "<group>";
		};
		0E132D6D1BD9502A006C99EC /* Controller */ = {
			isa = PBXGroup;
			children = (
				0E132D711BD955A7006C99EC /* ToDoListViewController.h */,
				0E132D721BD955A7006C99EC /* ToDoListViewController.m */,
				0E132D741BD955B7006C99EC /* AboutViewController.h */,
				0E132D751BD955B7006C99EC /* AboutViewController.m */,
				0E3E219C1BDCC200006B442B /* HelpViewController.h */,
				0E3E219D1BDCC200006B442B /* HelpViewController.m */,
				0E2A46F11BE08CDF008E50B8 /* EditNoteViewController.h */,
				0E2A46F21BE08CDF008E50B8 /* EditNoteViewController.m */,
				0E7903A61C04D9EF007C6D8D /* SettingViewController.h */,
				0E7903A71C04D9EF007C6D8D /* SettingViewController.m */,
				0E56D10D1C062F2D007375BD /* RubbishBinViewController.h */,
				0E56D10E1C062F2D007375BD /* RubbishBinViewController.m */,
				0E56D1101C062F5A007375BD /* SyncViewController.h */,
				0E56D1111C062F5A007375BD /* SyncViewController.m */,
			);
			path = Controller;
			sourceTree = "<group>";
		};
		0E132D6E1BD95034006C99EC /* Model */ = {
			isa = PBXGroup;
			children = (
				0E2D36661C16F468006C947B /* Note+CoreDataProperties.h */,
				0E2D36671C16F468006C947B /* Note+CoreDataProperties.m */,
				0E0FF6581C08D068002F7623 /* Note.h */,
				0E0FF6591C08D068002F7623 /* Note.m */,
				0E132D4B1BD94FA2006C99EC /* TinyDo.xcdatamodeld */,
				0E3E21A21BDCF6F9006B442B /* CoreDataStack.h */,
				0E3E21A31BDCF6F9006B442B /* CoreDataStack.m */,
			);
			path = Model;
			sourceTree = "<group>";
		};
		0E132D6F1BD95034006C99EC /* Tool */ = {
			isa = PBXGroup;
			children = (
				0E2942991C14530D00F268E2 /* Chameleon */,
				0E7FDC5C1C07749300B3AD2E /* Theme */,
				0E5DC0C21C0632E200726A50 /* UIColor+PiRandomColor.h */,
				0E5DC0C31C0632E200726A50 /* UIColor+PiRandomColor.m */,
				0E30463E1C030B5600147430 /* Colours.h */,
				0E30463F1C030B5700147430 /* Colours.m */,
				0E3046321C02ECBE00147430 /* Helper.h */,
				0E3046331C02ECBE00147430 /* Helper.m */,
				0E73C9991C048517005E339F /* NotifyUtil.h */,
				0E73C99A1C048517005E339F /* NotifyUtil.m */,
				0E0FF5C81C087FC8002F7623 /* DissmissKeyBoardWindow.h */,
				0E0FF5C91C087FC8002F7623 /* DissmissKeyBoardWindow.m */,
				0E2942C11C14542E00F268E2 /* UIColor+AllFlatColors.h */,
				0E2942C21C14542E00F268E2 /* UIColor+AllFlatColors.m */,
			);
			path = Tool;
			sourceTree = "<group>";
		};
		0E2942991C14530D00F268E2 /* Chameleon */ = {
			isa = PBXGroup;
			children = (
				0E29429A1C14530D00F268E2 /* Chameleon.h */,
				0E29429B1C14530D00F268E2 /* Chameleon_.h */,
				0E29429C1C14530D00F268E2 /* Chameleon_.m */,
				0E29429D1C14530D00F268E2 /* ChameleonConstants.h */,
				0E29429E1C14530D00F268E2 /* ChameleonConstants.m */,
				0E29429F1C14530D00F268E2 /* ChameleonEnums.h */,
				0E2942A01C14530D00F268E2 /* ChameleonMacros.h */,
				0E2942A11C14530D00F268E2 /* NSArray+Chameleon.h */,
				0E2942A21C14530D00F268E2 /* NSArray+Chameleon.m */,
				0E2942A31C14530D00F268E2 /* UIAppearance+Swift.h */,
				0E2942A41C14530D00F268E2 /* UIAppearance+Swift.m */,
				0E2942A51C14530D00F268E2 /* UIButton+Chameleon.h */,
				0E2942A61C14530D00F268E2 /* UIButton+Chameleon.m */,
				0E2942A71C14530D00F268E2 /* UIColor+Chameleon.h */,
				0E2942A81C14530D00F268E2 /* UIColor+Chameleon.m */,
				0E2942A91C14530D00F268E2 /* UIColor+ChameleonPrivate.h */,
				0E2942AA1C14530D00F268E2 /* UIColor+ChameleonPrivate.m */,
				0E2942AB1C14530D00F268E2 /* UIImage+ChameleonPrivate.h */,
				0E2942AC1C14530D00F268E2 /* UIImage+ChameleonPrivate.m */,
				0E2942AD1C14530D00F268E2 /* UILabel+Chameleon.h */,
				0E2942AE1C14530D00F268E2 /* UILabel+Chameleon.m */,
				0E2942AF1C14530D00F268E2 /* UINavigationController+Chameleon.h */,
				0E2942B01C14530D00F268E2 /* UINavigationController+Chameleon.m */,
				0E2942B11C14530D00F268E2 /* UIView+ChameleonPrivate.h */,
				0E2942B21C14530D00F268E2 /* UIView+ChameleonPrivate.m */,
				0E2942B31C14530D00F268E2 /* UIViewController+Chameleon.h */,
				0E2942B41C14530D00F268E2 /* UIViewController+Chameleon.m */,
			);
			path = Chameleon;
			sourceTree = "<group>";
		};
		0E7C82B11C037D5400E6A96B /* SwipeCell */ = {
			isa = PBXGroup;
			children = (
				0E7C82B21C037D5400E6A96B /* DeleteLineContainerView.h */,
				0E7C82B31C037D5400E6A96B /* DeleteLineContainerView.m */,
				0E7C82B41C037D5400E6A96B /* SwipeableCell.h */,
				0E7C82B51C037D5400E6A96B /* SwipeableCell.m */,
				0E7C82B61C037D5400E6A96B /* SwipeableCell.xib */,
				0E7C82BA1C03845500E6A96B /* EditableContent.h */,
				0E7C82BB1C03845500E6A96B /* EditableContent.m */,
			);
			path = SwipeCell;
			sourceTree = "<group>";
		};
		0E7FDC5C1C07749300B3AD2E /* Theme */ = {
			isa = PBXGroup;
			children = (
				0EAC8E3D1C0741C2002E81F2 /* EasyThemer.h */,
				0EAC8E3E1C0741C2002E81F2 /* EasyThemer.m */,
			);
			name = Theme;
			sourceTree = "<group>";
		};
		0EA492521C1317AC002FF5C8 /* Deprecated */ = {
			isa = PBXGroup;
			children = (
				0EA492531C1317AC002FF5C8 /* DefaultWhiteTheme.h */,
				0EA492541C1317AC002FF5C8 /* DefaultWhiteTheme.m */,
				0EA492551C1317AC002FF5C8 /* EditableCell.h */,
				0EA492561C1317AC002FF5C8 /* EditableCell.m */,
				0EA492571C1317AC002FF5C8 /* EditableCell.xib */,
				0EA492581C1317AC002FF5C8 /* ImageBarButtonItem.h */,
				0EA492591C1317AC002FF5C8 /* ImageBarButtonItem.m */,
				0EA4925A1C1317AC002FF5C8 /* NightTheme.h */,
				0EA4925B1C1317AC002FF5C8 /* NightTheme.m */,
				0EA4925C1C1317AC002FF5C8 /* NotificationUtil.h */,
				0EA4925D1C1317AC002FF5C8 /* NotificationUtil.m */,
				0EA4925E1C1317AC002FF5C8 /* ThemeManager.h */,
				0EA4925F1C1317AC002FF5C8 /* ThemeManager.m */,
				0EA492601C1317AC002FF5C8 /* UIViewController+Theme.h */,
				0EA492611C1317AC002FF5C8 /* UIViewController+Theme.m */,
			);
			path = Deprecated;
			sourceTree = "<group>";
		};
		0EBD6F9F1BEB2BCA00000C99 /* View */ = {
			isa = PBXGroup;
			children = (
				0ECF5FB31C06EF3C0051E871 /* CustomIOSAlertView */,
				0E7C82B11C037D5400E6A96B /* SwipeCell */,
				0EBD6FA31BEB2BCA00000C99 /* Main.storyboard */,
				0EBD6FA41BEB2BCA00000C99 /* NoNotePlaceHolderCell.h */,
				0EBD6FA51BEB2BCA00000C99 /* NoNotePlaceHolderCell.m */,
				0EBD6FA61BEB2BCA00000C99 /* NoNotePlaceHolderCell.xib */,
				0E96AFFB1BF64F50007FE61C /* DrawerToolbar.h */,
				0E96AFFC1BF64F50007FE61C /* DrawerToolbar.m */,
				0E68A8021BF7513E005B6538 /* DrawerToolbar.xib */,
				0E3046411C03171A00147430 /* TimePickerCell.h */,
				0E3046421C03171A00147430 /* TimePickerCell.m */,
				0E3046431C03171A00147430 /* TimePickerCell.xib */,
				0E3046461C0317E800147430 /* AlarmCell.h */,
				0E3046471C0317E800147430 /* AlarmCell.m */,
				0E3046481C0317E800147430 /* AlarmCell.xib */,
				0E30464B1C03270600147430 /* DateBtn.h */,
				0E30464C1C03270600147430 /* DateBtn.m */,
				0E30464E1C0328AD00147430 /* DateBtn.xib */,
			);
			path = View;
			sourceTree = "<group>";
		};
		0ECF5FB31C06EF3C0051E871 /* CustomIOSAlertView */ = {
			isa = PBXGroup;
			children = (
				0ECF5FB41C06EF3C0051E871 /* CustomIOSAlertView.h */,
				0ECF5FB51C06EF3C0051E871 /* CustomIOSAlertView.m */,
				0ECF5FB71C06F53F0051E871 /* ThemePickerViewAlert.h */,
				0ECF5FB81C06F53F0051E871 /* ThemePickerViewAlert.m */,
				0E56D1131C063190007375BD /* ThemePickerView.h */,
				0E56D1141C063190007375BD /* ThemePickerView.m */,
				0E56D1161C06319F007375BD /* ThemePickerView.xib */,
			);
			path = CustomIOSAlertView;
			sourceTree = "<group>";
		};
		0ECF5FBD1C06FD000051E871 /* UMSocial_Sdk_4.3 */ = {
			isa = PBXGroup;
			children = (
				0ECF5FBE1C06FD000051E871 /* UMSocialLocalizable.strings */,
				0ECF5FC01C06FD000051E871 /* Header */,
				0ECF5FCC1C06FD000051E871 /* libUMSocial_Sdk_4.3.a */,
				0ECF5FCD1C06FD000051E871 /* SocialSDKXib */,
				0ECF5FD61C06FD000051E871 /* UMSocialSDKResourcesNew.bundle */,
			);
			path = UMSocial_Sdk_4.3;
			sourceTree = "<group>";
		};
		0ECF5FC01C06FD000051E871 /* Header */ = {
			isa = PBXGroup;
			children = (
				0ECF5FC11C06FD000051E871 /* UMSocial.h */,
				0ECF5FC21C06FD000051E871 /* UMSocialAccountManager.h */,
				0ECF5FC31C06FD000051E871 /* UMSocialBar.h */,
				0ECF5FC41C06FD000051E871 /* UMSocialConfig.h */,
				0ECF5FC51C06FD000051E871 /* UMSocialControllerService.h */,
				0ECF5FC61C06FD000051E871 /* UMSocialControllerServiceComment.h */,
				0ECF5FC71C06FD000051E871 /* UMSocialData.h */,
				0ECF5FC81C06FD000051E871 /* UMSocialDataService.h */,
				0ECF5FC91C06FD000051E871 /* UMSocialSnsData.h */,
				0ECF5FCA1C06FD000051E871 /* UMSocialSnsPlatformManager.h */,
				0ECF5FCB1C06FD000051E871 /* UMSocialSnsService.h */,
			);
			path = Header;
			sourceTree = "<group>";
		};
		0ECF5FCD1C06FD000051E871 /* SocialSDKXib */ = {
			isa = PBXGroup;
			children = (
				0ECF5FCE1C06FD000051E871 /* UMSCommentDetailController.xib */,
				0ECF5FCF1C06FD000051E871 /* UMSCommentInputController.xib */,
				0ECF5FD01C06FD000051E871 /* UMSCommentInputControlleriPad.xib */,
				0ECF5FD11C06FD000051E871 /* UMShareEditViewController.xib */,
				0ECF5FD21C06FD000051E871 /* UMShareEditViewControlleriPad.xib */,
				0ECF5FD31C06FD000051E871 /* UMSLoginViewController.xib */,
				0ECF5FD41C06FD000051E871 /* UMSnsAccountViewController.xib */,
				0ECF5FD51C06FD000051E871 /* UMSShareListController.xib */,
			);
			path = SocialSDKXib;
			sourceTree = "<group>";
		};
		0ED13FE41BF05E77007E9A97 /* Anim */ = {
			isa = PBXGroup;
			children = (
				0ED13FE51BF05E77007E9A97 /* MagicTransitionAnimator.h */,
				0ED13FE61BF05E77007E9A97 /* MagicTransitionAnimator.m */,
			);
			path = Anim;
			sourceTree = "<group>";
		};
/* End PBXGroup section */

/* Begin PBXNativeTarget section */
		0E132D401BD94FA2006C99EC /* TinyDo */ = {
			isa = PBXNativeTarget;
			buildConfigurationList = 0E132D671BD94FA2006C99EC /* Build configuration list for PBXNativeTarget "TinyDo" */;
			buildPhases = (
				0E132D3D1BD94FA2006C99EC /* Sources */,
				0E132D3E1BD94FA2006C99EC /* Frameworks */,
				0E132D3F1BD94FA2006C99EC /* Resources */,
			);
			buildRules = (
			);
			dependencies = (
			);
			name = TinyDo;
			productName = TinyDo;
			productReference = 0E132D411BD94FA2006C99EC /* TinyDo.app */;
			productType = "com.apple.product-type.application";
		};
		0E132D5C1BD94FA2006C99EC /* TinyDoTests */ = {
			isa = PBXNativeTarget;
			buildConfigurationList = 0E132D6A1BD94FA2006C99EC /* Build configuration list for PBXNativeTarget "TinyDoTests" */;
			buildPhases = (
				0E132D591BD94FA2006C99EC /* Sources */,
				0E132D5A1BD94FA2006C99EC /* Frameworks */,
				0E132D5B1BD94FA2006C99EC /* Resources */,
			);
			buildRules = (
			);
			dependencies = (
				0E132D5F1BD94FA2006C99EC /* PBXTargetDependency */,
			);
			name = TinyDoTests;
			productName = TinyDoTests;
			productReference = 0E132D5D1BD94FA2006C99EC /* TinyDoTests.xctest */;
			productType = "com.apple.product-type.bundle.unit-test";
		};
/* End PBXNativeTarget section */

/* Begin PBXProject section */
		0E132D391BD94FA2006C99EC /* Project object */ = {
			isa = PBXProject;
			attributes = {
				LastUpgradeCheck = 0640;
				ORGANIZATIONNAME = pi;
				TargetAttributes = {
					0E132D401BD94FA2006C99EC = {
						CreatedOnToolsVersion = 6.4;
					};
					0E132D5C1BD94FA2006C99EC = {
						CreatedOnToolsVersion = 6.4;
						TestTargetID = 0E132D401BD94FA2006C99EC;
					};
				};
			};
			buildConfigurationList = 0E132D3C1BD94FA2006C99EC /* Build configuration list for PBXProject "TinyDo" */;
			compatibilityVersion = "Xcode 3.2";
			developmentRegion = English;
			hasScannedForEncodings = 0;
			knownRegions = (
				en,
				Base,
				"zh-Hans",
			);
			mainGroup = 0E132D381BD94FA2006C99EC;
			productRefGroup = 0E132D421BD94FA2006C99EC /* Products */;
			projectDirPath = "";
			projectRoot = "";
			targets = (
				0E132D401BD94FA2006C99EC /* TinyDo */,
				0E132D5C1BD94FA2006C99EC /* TinyDoTests */,
			);
		};
/* End PBXProject section */

/* Begin PBXResourcesBuildPhase section */
		0E132D3F1BD94FA2006C99EC /* Resources */ = {
			isa = PBXResourcesBuildPhase;
			buildActionMask = 2147483647;
			files = (
				0ECF5FDB1C06FD000051E871 /* UMSCommentInputController.xib in Resources */,
				0E132D581BD94FA2006C99EC /* LaunchScreen.xib in Resources */,
				0EA492641C1317AC002FF5C8 /* EditableCell.xib in Resources */,
				0EBD6FAB1BEB2BCA00000C99 /* NoNotePlaceHolderCell.xib in Resources */,
				0ECF5FE01C06FD000051E871 /* UMSnsAccountViewController.xib in Resources */,
				0ECF5FDC1C06FD000051E871 /* UMSCommentInputControlleriPad.xib in Resources */,
				0ECF5FD81C06FD000051E871 /* UMSocialLocalizable.strings in Resources */,
				0ECF5FE21C06FD000051E871 /* UMSocialSDKResourcesNew.bundle in Resources */,
				0E30464F1C0328AD00147430 /* DateBtn.xib in Resources */,
				0E132D551BD94FA2006C99EC /* Images.xcassets in Resources */,
				0E7C82B91C037D5400E6A96B /* SwipeableCell.xib in Resources */,
				0ECF5FDD1C06FD000051E871 /* UMShareEditViewController.xib in Resources */,
				0E30464A1C0317E800147430 /* AlarmCell.xib in Resources */,
				0ECF5FDA1C06FD000051E871 /* UMSCommentDetailController.xib in Resources */,
				0E3046451C03171A00147430 /* TimePickerCell.xib in Resources */,
				0ECF5FDE1C06FD000051E871 /* UMShareEditViewControlleriPad.xib in Resources */,
				0ECF5FE11C06FD000051E871 /* UMSShareListController.xib in Resources */,
				0ECF5FDF1C06FD000051E871 /* UMSLoginViewController.xib in Resources */,
				0E68A8031BF7513E005B6538 /* DrawerToolbar.xib in Resources */,
				0E56D1171C06319F007375BD /* ThemePickerView.xib in Resources */,
				0EBD6FA91BEB2BCA00000C99 /* Main.storyboard in Resources */,
			);
			runOnlyForDeploymentPostprocessing = 0;
		};
		0E132D5B1BD94FA2006C99EC /* Resources */ = {
			isa = PBXResourcesBuildPhase;
			buildActionMask = 2147483647;
			files = (
			);
			runOnlyForDeploymentPostprocessing = 0;
		};
/* End PBXResourcesBuildPhase section */

/* Begin PBXSourcesBuildPhase section */
		0E132D3D1BD94FA2006C99EC /* Sources */ = {
			isa = PBXSourcesBuildPhase;
			buildActionMask = 2147483647;
			files = (
				0E2942B61C14530D00F268E2 /* ChameleonConstants.m in Sources */,
				0E132D731BD955A7006C99EC /* ToDoListViewController.m in Sources */,
				0E132D761BD955B7006C99EC /* AboutViewController.m in Sources */,
				0E96AFFD1BF64F50007FE61C /* DrawerToolbar.m in Sources */,
				0E7903A81C04D9EF007C6D8D /* SettingViewController.m in Sources */,
				0E3046441C03171A00147430 /* TimePickerCell.m in Sources */,
				0E2A46F31BE08CDF008E50B8 /* EditNoteViewController.m in Sources */,
				0E2942BF1C14530D00F268E2 /* UIView+ChameleonPrivate.m in Sources */,
				0E3046341C02ECBE00147430 /* Helper.m in Sources */,
				0E2942B91C14530D00F268E2 /* UIButton+Chameleon.m in Sources */,
				0ECF5FB61C06EF3C0051E871 /* CustomIOSAlertView.m in Sources */,
				0ECF5FB91C06F53F0051E871 /* ThemePickerViewAlert.m in Sources */,
				0E2942BC1C14530D00F268E2 /* UIImage+ChameleonPrivate.m in Sources */,
				0E2D36681C16F468006C947B /* Note+CoreDataProperties.m in Sources */,
				0E3046491C0317E800147430 /* AlarmCell.m in Sources */,
				0E2942BB1C14530D00F268E2 /* UIColor+ChameleonPrivate.m in Sources */,
				0E2942B51C14530D00F268E2 /* Chameleon_.m in Sources */,
				0E132D4D1BD94FA2006C99EC /* TinyDo.xcdatamodeld in Sources */,
				0E56D1151C063190007375BD /* ThemePickerView.m in Sources */,
				0EA492681C1317AC002FF5C8 /* ThemeManager.m in Sources */,
				0ED13FE71BF05E77007E9A97 /* MagicTransitionAnimator.m in Sources */,
				0EAC8E3F1C0741C2002E81F2 /* EasyThemer.m in Sources */,
				0E7C82BC1C03845500E6A96B /* EditableContent.m in Sources */,
				0EA492691C1317AC002FF5C8 /* UIViewController+Theme.m in Sources */,
				0E9D279C1C0977E9002DCF21 /* UmengInit.m in Sources */,
				0EA492671C1317AC002FF5C8 /* NotificationUtil.m in Sources */,
				0E56D1121C062F5A007375BD /* SyncViewController.m in Sources */,
				0E2942C01C14530D00F268E2 /* UIViewController+Chameleon.m in Sources */,
				0EBD6FAA1BEB2BCA00000C99 /* NoNotePlaceHolderCell.m in Sources */,
				0E3E219E1BDCC200006B442B /* HelpViewController.m in Sources */,
				0EA492661C1317AC002FF5C8 /* NightTheme.m in Sources */,
				0E132D4A1BD94FA2006C99EC /* AppDelegate.m in Sources */,
				0E2942C31C14542E00F268E2 /* UIColor+AllFlatColors.m in Sources */,
				0E2942B71C14530D00F268E2 /* NSArray+Chameleon.m in Sources */,
				0E2942B81C14530D00F268E2 /* UIAppearance+Swift.m in Sources */,
				0E2942BE1C14530D00F268E2 /* UINavigationController+Chameleon.m in Sources */,
				0E0FF5CA1C087FC8002F7623 /* DissmissKeyBoardWindow.m in Sources */,
				0E30464D1C03270600147430 /* DateBtn.m in Sources */,
				0E132D471BD94FA2006C99EC /* main.m in Sources */,
				0E2942BD1C14530D00F268E2 /* UILabel+Chameleon.m in Sources */,
				0E0FF65C1C08D068002F7623 /* Note.m in Sources */,
				0E7C82B71C037D5400E6A96B /* DeleteLineContainerView.m in Sources */,
				0E3E21A41BDCF6F9006B442B /* CoreDataStack.m in Sources */,
				0E5DC0C41C0632E200726A50 /* UIColor+PiRandomColor.m in Sources */,
				0E73C99B1C048517005E339F /* NotifyUtil.m in Sources */,
				0EA492651C1317AC002FF5C8 /* ImageBarButtonItem.m in Sources */,
				0E2942BA1C14530D00F268E2 /* UIColor+Chameleon.m in Sources */,
				0EA492631C1317AC002FF5C8 /* EditableCell.m in Sources */,
				0E56D10F1C062F2D007375BD /* RubbishBinViewController.m in Sources */,
				0EA492621C1317AC002FF5C8 /* DefaultWhiteTheme.m in Sources */,
				0E7C82B81C037D5400E6A96B /* SwipeableCell.m in Sources */,
				0E3046401C030B5700147430 /* Colours.m in Sources */,
			);
			runOnlyForDeploymentPostprocessing = 0;
		};
		0E132D591BD94FA2006C99EC /* Sources */ = {
			isa = PBXSourcesBuildPhase;
			buildActionMask = 2147483647;
			files = (
				0E132D641BD94FA2006C99EC /* TinyDoTests.m in Sources */,
			);
			runOnlyForDeploymentPostprocessing = 0;
		};
/* End PBXSourcesBuildPhase section */

/* Begin PBXTargetDependency section */
		0E132D5F1BD94FA2006C99EC /* PBXTargetDependency */ = {
			isa = PBXTargetDependency;
			target = 0E132D401BD94FA2006C99EC /* TinyDo */;
			targetProxy = 0E132D5E1BD94FA2006C99EC /* PBXContainerItemProxy */;
		};
/* End PBXTargetDependency section */

/* Begin PBXVariantGroup section */
		0E132D561BD94FA2006C99EC /* LaunchScreen.xib */ = {
			isa = PBXVariantGroup;
			children = (
				0E132D571BD94FA2006C99EC /* Base */,
			);
			name = LaunchScreen.xib;
			sourceTree = "<group>";
		};
		0ECF5FBE1C06FD000051E871 /* UMSocialLocalizable.strings */ = {
			isa = PBXVariantGroup;
			children = (
				0ECF5FBF1C06FD000051E871 /* en */,
				0ECF5FD71C06FD000051E871 /* zh-Hans */,
			);
			name = UMSocialLocalizable.strings;
			sourceTree = "<group>";
		};
/* End PBXVariantGroup section */

/* Begin XCBuildConfiguration section */
		0E132D651BD94FA2006C99EC /* Debug */ = {
			isa = XCBuildConfiguration;
			buildSettings = {
				ALWAYS_SEARCH_USER_PATHS = NO;
				CLANG_CXX_LANGUAGE_STANDARD = "gnu++0x";
				CLANG_CXX_LIBRARY = "libc++";
				CLANG_ENABLE_MODULES = YES;
				CLANG_ENABLE_OBJC_ARC = YES;
				CLANG_WARN_BOOL_CONVERSION = YES;
				CLANG_WARN_CONSTANT_CONVERSION = YES;
				CLANG_WARN_DIRECT_OBJC_ISA_USAGE = YES_ERROR;
				CLANG_WARN_EMPTY_BODY = YES;
				CLANG_WARN_ENUM_CONVERSION = YES;
				CLANG_WARN_INT_CONVERSION = YES;
				CLANG_WARN_OBJC_ROOT_CLASS = YES_ERROR;
				CLANG_WARN_UNREACHABLE_CODE = YES;
				CLANG_WARN__DUPLICATE_METHOD_MATCH = YES;
				"CODE_SIGN_IDENTITY[sdk=iphoneos*]" = "iPhone Developer";
				COPY_PHASE_STRIP = NO;
				DEBUG_INFORMATION_FORMAT = "dwarf-with-dsym";
				ENABLE_STRICT_OBJC_MSGSEND = YES;
				GCC_C_LANGUAGE_STANDARD = gnu99;
				GCC_DYNAMIC_NO_PIC = NO;
				GCC_NO_COMMON_BLOCKS = YES;
				GCC_OPTIMIZATION_LEVEL = 0;
				GCC_PREPROCESSOR_DEFINITIONS = (
					"DEBUG=1",
					"$(inherited)",
				);
				GCC_SYMBOLS_PRIVATE_EXTERN = NO;
				GCC_WARN_64_TO_32_BIT_CONVERSION = YES;
				GCC_WARN_ABOUT_RETURN_TYPE = YES_ERROR;
				GCC_WARN_UNDECLARED_SELECTOR = YES;
				GCC_WARN_UNINITIALIZED_AUTOS = YES_AGGRESSIVE;
				GCC_WARN_UNUSED_FUNCTION = YES;
				GCC_WARN_UNUSED_VARIABLE = YES;
				IPHONEOS_DEPLOYMENT_TARGET = 8.4;
				MTL_ENABLE_DEBUG_INFO = YES;
				ONLY_ACTIVE_ARCH = YES;
				SDKROOT = iphoneos;
			};
			name = Debug;
		};
		0E132D661BD94FA2006C99EC /* Release */ = {
			isa = XCBuildConfiguration;
			buildSettings = {
				ALWAYS_SEARCH_USER_PATHS = NO;
				CLANG_CXX_LANGUAGE_STANDARD = "gnu++0x";
				CLANG_CXX_LIBRARY = "libc++";
				CLANG_ENABLE_MODULES = YES;
				CLANG_ENABLE_OBJC_ARC = YES;
				CLANG_WARN_BOOL_CONVERSION = YES;
				CLANG_WARN_CONSTANT_CONVERSION = YES;
				CLANG_WARN_DIRECT_OBJC_ISA_USAGE = YES_ERROR;
				CLANG_WARN_EMPTY_BODY = YES;
				CLANG_WARN_ENUM_CONVERSION = YES;
				CLANG_WARN_INT_CONVERSION = YES;
				CLANG_WARN_OBJC_ROOT_CLASS = YES_ERROR;
				CLANG_WARN_UNREACHABLE_CODE = YES;
				CLANG_WARN__DUPLICATE_METHOD_MATCH = YES;
				"CODE_SIGN_IDENTITY[sdk=iphoneos*]" = "iPhone Developer";
				COPY_PHASE_STRIP = NO;
				DEBUG_INFORMATION_FORMAT = "dwarf-with-dsym";
				ENABLE_NS_ASSERTIONS = NO;
				ENABLE_STRICT_OBJC_MSGSEND = YES;
				GCC_C_LANGUAGE_STANDARD = gnu99;
				GCC_NO_COMMON_BLOCKS = YES;
				GCC_WARN_64_TO_32_BIT_CONVERSION = YES;
				GCC_WARN_ABOUT_RETURN_TYPE = YES_ERROR;
				GCC_WARN_UNDECLARED_SELECTOR = YES;
				GCC_WARN_UNINITIALIZED_AUTOS = YES_AGGRESSIVE;
				GCC_WARN_UNUSED_FUNCTION = YES;
				GCC_WARN_UNUSED_VARIABLE = YES;
				IPHONEOS_DEPLOYMENT_TARGET = 8.4;
				MTL_ENABLE_DEBUG_INFO = NO;
				SDKROOT = iphoneos;
				VALIDATE_PRODUCT = YES;
			};
			name = Release;
		};
		0E132D681BD94FA2006C99EC /* Debug */ = {
			isa = XCBuildConfiguration;
			buildSettings = {
				ASSETCATALOG_COMPILER_APPICON_NAME = AppIcon;
				ENABLE_BITCODE = NO;
				INFOPLIST_FILE = TinyDo/Info.plist;
				LD_RUNPATH_SEARCH_PATHS = "$(inherited) @executable_path/Frameworks";
				LIBRARY_SEARCH_PATHS = (
					"$(inherited)",
					"$(PROJECT_DIR)/TinyDo/UMSocial_Sdk_4.3",
				);
				PRODUCT_NAME = "$(TARGET_NAME)";
			};
			name = Debug;
		};
		0E132D691BD94FA2006C99EC /* Release */ = {
			isa = XCBuildConfiguration;
			buildSettings = {
				ASSETCATALOG_COMPILER_APPICON_NAME = AppIcon;
				ENABLE_BITCODE = NO;
				INFOPLIST_FILE = TinyDo/Info.plist;
				LD_RUNPATH_SEARCH_PATHS = "$(inherited) @executable_path/Frameworks";
				LIBRARY_SEARCH_PATHS = (
					"$(inherited)",
					"$(PROJECT_DIR)/TinyDo/UMSocial_Sdk_4.3",
				);
				PRODUCT_NAME = "$(TARGET_NAME)";
			};
			name = Release;
		};
		0E132D6B1BD94FA2006C99EC /* Debug */ = {
			isa = XCBuildConfiguration;
			buildSettings = {
				BUNDLE_LOADER = "$(TEST_HOST)";
				FRAMEWORK_SEARCH_PATHS = (
					"$(SDKROOT)/Developer/Library/Frameworks",
					"$(inherited)",
				);
				GCC_PREPROCESSOR_DEFINITIONS = (
					"DEBUG=1",
					"$(inherited)",
				);
				INFOPLIST_FILE = TinyDoTests/Info.plist;
				LD_RUNPATH_SEARCH_PATHS = "$(inherited) @executable_path/Frameworks @loader_path/Frameworks";
				PRODUCT_NAME = "$(TARGET_NAME)";
				TEST_HOST = "$(BUILT_PRODUCTS_DIR)/TinyDo.app/TinyDo";
			};
			name = Debug;
		};
		0E132D6C1BD94FA2006C99EC /* Release */ = {
			isa = XCBuildConfiguration;
			buildSettings = {
				BUNDLE_LOADER = "$(TEST_HOST)";
				FRAMEWORK_SEARCH_PATHS = (
					"$(SDKROOT)/Developer/Library/Frameworks",
					"$(inherited)",
				);
				INFOPLIST_FILE = TinyDoTests/Info.plist;
				LD_RUNPATH_SEARCH_PATHS = "$(inherited) @executable_path/Frameworks @loader_path/Frameworks";
				PRODUCT_NAME = "$(TARGET_NAME)";
				TEST_HOST = "$(BUILT_PRODUCTS_DIR)/TinyDo.app/TinyDo";
			};
			name = Release;
		};
/* End XCBuildConfiguration section */

/* Begin XCConfigurationList section */
		0E132D3C1BD94FA2006C99EC /* Build configuration list for PBXProject "TinyDo" */ = {
			isa = XCConfigurationList;
			buildConfigurations = (
				0E132D651BD94FA2006C99EC /* Debug */,
				0E132D661BD94FA2006C99EC /* Release */,
			);
			defaultConfigurationIsVisible = 0;
			defaultConfigurationName = Release;
		};
		0E132D671BD94FA2006C99EC /* Build configuration list for PBXNativeTarget "TinyDo" */ = {
			isa = XCConfigurationList;
			buildConfigurations = (
				0E132D681BD94FA2006C99EC /* Debug */,
				0E132D691BD94FA2006C99EC /* Release */,
			);
			defaultConfigurationIsVisible = 0;
			defaultConfigurationName = Release;
		};
		0E132D6A1BD94FA2006C99EC /* Build configuration list for PBXNativeTarget "TinyDoTests" */ = {
			isa = XCConfigurationList;
			buildConfigurations = (
				0E132D6B1BD94FA2006C99EC /* Debug */,
				0E132D6C1BD94FA2006C99EC /* Release */,
			);
			defaultConfigurationIsVisible = 0;
			defaultConfigurationName = Release;
		};
/* End XCConfigurationList section */

/* Begin XCVersionGroup section */
		0E132D4B1BD94FA2006C99EC /* TinyDo.xcdatamodeld */ = {
			isa = XCVersionGroup;
			children = (
				0E132D4C1BD94FA2006C99EC /* TinyDo.xcdatamodel */,
			);
			currentVersion = 0E132D4C1BD94FA2006C99EC /* TinyDo.xcdatamodel */;
			name = TinyDo.xcdatamodeld;
			path = ../TinyDo.xcdatamodeld;
			sourceTree = "<group>";
			versionGroupType = wrapper.xcdatamodel;
		};
/* End XCVersionGroup section */
	};
	rootObject = 0E132D391BD94FA2006C99EC /* Project object */;
}
